// !$*UTF8*$!
{
	archiveVersion = 1;
	classes = {
	};
	objectVersion = 48;
	objects = {

/* Begin PBXBuildFile section */
		18245702200E88FA00C5DAD8 /* GCDBlackBox.swift in Sources */ = {isa = PBXBuildFile; fileRef = 18245701200E88FA00C5DAD8 /* GCDBlackBox.swift */; };
		18245704200E9FA000C5DAD8 /* MapViewController.swift in Sources */ = {isa = PBXBuildFile; fileRef = 18245703200E9FA000C5DAD8 /* MapViewController.swift */; };
		18277DAD20189D12006CF626 /* StudentInformation.swift in Sources */ = {isa = PBXBuildFile; fileRef = 18277DAC20189D12006CF626 /* StudentInformation.swift */; };
		1835AD10200E0669002C2324 /* AppDelegate.swift in Sources */ = {isa = PBXBuildFile; fileRef = 1835AD0F200E0669002C2324 /* AppDelegate.swift */; };
		1835AD12200E0669002C2324 /* LoginViewController.swift in Sources */ = {isa = PBXBuildFile; fileRef = 1835AD11200E0669002C2324 /* LoginViewController.swift */; };
		1835AD15200E0669002C2324 /* Main.storyboard in Resources */ = {isa = PBXBuildFile; fileRef = 1835AD13200E0669002C2324 /* Main.storyboard */; };
		1835AD17200E0669002C2324 /* Assets.xcassets in Resources */ = {isa = PBXBuildFile; fileRef = 1835AD16200E0669002C2324 /* Assets.xcassets */; };
		1835AD1A200E0669002C2324 /* LaunchScreen.storyboard in Resources */ = {isa = PBXBuildFile; fileRef = 1835AD18200E0669002C2324 /* LaunchScreen.storyboard */; };
		1835AD22200E0F1D002C2324 /* Constants.swift in Sources */ = {isa = PBXBuildFile; fileRef = 1835AD21200E0F1D002C2324 /* Constants.swift */; };
		184F10072018809600907F48 /* UdacityClient.swift in Sources */ = {isa = PBXBuildFile; fileRef = 184F10062018809600907F48 /* UdacityClient.swift */; };
		184F100920188BB800907F48 /* ParseClient.swift in Sources */ = {isa = PBXBuildFile; fileRef = 184F100820188BB800907F48 /* ParseClient.swift */; };
		1851ABDE20164E4700DB45B0 /* AddPostViewController.swift in Sources */ = {isa = PBXBuildFile; fileRef = 1851ABDD20164E4700DB45B0 /* AddPostViewController.swift */; };
		18E8F435200FF5E000325427 /* PostsTableViewController.swift in Sources */ = {isa = PBXBuildFile; fileRef = 18E8F434200FF5E000325427 /* PostsTableViewController.swift */; };
		18E8F437200FF60800325427 /* StudentData.swift in Sources */ = {isa = PBXBuildFile; fileRef = 18E8F436200FF60800325427 /* StudentData.swift */; };
/* End PBXBuildFile section */

/* Begin PBXFileReference section */
		18245701200E88FA00C5DAD8 /* GCDBlackBox.swift */ = {isa = PBXFileReference; lastKnownFileType = sourcecode.swift; path = GCDBlackBox.swift; sourceTree = "<group>"; };
		18245703200E9FA000C5DAD8 /* MapViewController.swift */ = {isa = PBXFileReference; lastKnownFileType = sourcecode.swift; path = MapViewController.swift; sourceTree = "<group>"; };
		18277DAC20189D12006CF626 /* StudentInformation.swift */ = {isa = PBXFileReference; lastKnownFileType = sourcecode.swift; path = StudentInformation.swift; sourceTree = "<group>"; };
		1835AD0C200E0669002C2324 /* OnTheMap.app */ = {isa = PBXFileReference; explicitFileType = wrapper.application; includeInIndex = 0; path = OnTheMap.app; sourceTree = BUILT_PRODUCTS_DIR; };
		1835AD0F200E0669002C2324 /* AppDelegate.swift */ = {isa = PBXFileReference; lastKnownFileType = sourcecode.swift; path = AppDelegate.swift; sourceTree = "<group>"; };
		1835AD11200E0669002C2324 /* LoginViewController.swift */ = {isa = PBXFileReference; lastKnownFileType = sourcecode.swift; path = LoginViewController.swift; sourceTree = "<group>"; };
		1835AD14200E0669002C2324 /* Base */ = {isa = PBXFileReference; lastKnownFileType = file.storyboard; name = Base; path = Base.lproj/Main.storyboard; sourceTree = "<group>"; };
		1835AD16200E0669002C2324 /* Assets.xcassets */ = {isa = PBXFileReference; lastKnownFileType = folder.assetcatalog; path = Assets.xcassets; sourceTree = "<group>"; };
		1835AD19200E0669002C2324 /* Base */ = {isa = PBXFileReference; lastKnownFileType = file.storyboard; name = Base; path = Base.lproj/LaunchScreen.storyboard; sourceTree = "<group>"; };
		1835AD1B200E0669002C2324 /* Info.plist */ = {isa = PBXFileReference; lastKnownFileType = text.plist.xml; path = Info.plist; sourceTree = "<group>"; };
		1835AD21200E0F1D002C2324 /* Constants.swift */ = {isa = PBXFileReference; lastKnownFileType = sourcecode.swift; path = Constants.swift; sourceTree = "<group>"; };
		184F10062018809600907F48 /* UdacityClient.swift */ = {isa = PBXFileReference; lastKnownFileType = sourcecode.swift; path = UdacityClient.swift; sourceTree = "<group>"; };
		184F100820188BB800907F48 /* ParseClient.swift */ = {isa = PBXFileReference; lastKnownFileType = sourcecode.swift; path = ParseClient.swift; sourceTree = "<group>"; };
		1851ABDD20164E4700DB45B0 /* AddPostViewController.swift */ = {isa = PBXFileReference; lastKnownFileType = sourcecode.swift; path = AddPostViewController.swift; sourceTree = "<group>"; };
		18E8F434200FF5E000325427 /* PostsTableViewController.swift */ = {isa = PBXFileReference; lastKnownFileType = sourcecode.swift; path = PostsTableViewController.swift; sourceTree = "<group>"; };
		18E8F436200FF60800325427 /* StudentData.swift */ = {isa = PBXFileReference; lastKnownFileType = sourcecode.swift; path = StudentData.swift; sourceTree = "<group>"; };
/* End PBXFileReference section */

/* Begin PBXFrameworksBuildPhase section */
		1835AD09200E0669002C2324 /* Frameworks */ = {
			isa = PBXFrameworksBuildPhase;
			buildActionMask = 2147483647;
			files = (
			);
			runOnlyForDeploymentPostprocessing = 0;
		};
/* End PBXFrameworksBuildPhase section */

/* Begin PBXGroup section */
		1835AD03200E0669002C2324 = {
			isa = PBXGroup;
			children = (
				1835AD0E200E0669002C2324 /* OnTheMap */,
				1835AD0D200E0669002C2324 /* Products */,
			);
			sourceTree = "<group>";
		};
		1835AD0D200E0669002C2324 /* Products */ = {
			isa = PBXGroup;
			children = (
				1835AD0C200E0669002C2324 /* OnTheMap.app */,
			);
			name = Products;
			sourceTree = "<group>";
		};
		1835AD0E200E0669002C2324 /* OnTheMap */ = {
			isa = PBXGroup;
			children = (
				1835AD0F200E0669002C2324 /* AppDelegate.swift */,
				18245701200E88FA00C5DAD8 /* GCDBlackBox.swift */,
				1835AD21200E0F1D002C2324 /* Constants.swift */,
				18BE18D72017E5A900E6BCA8 /* Controller */,
				18BE18D62017E59F00E6BCA8 /* View */,
				18BE18D52017E59500E6BCA8 /* Model */,
				1835AD13200E0669002C2324 /* Main.storyboard */,
				1835AD16200E0669002C2324 /* Assets.xcassets */,
				1835AD18200E0669002C2324 /* LaunchScreen.storyboard */,
				1835AD1B200E0669002C2324 /* Info.plist */,
			);
			path = OnTheMap;
			sourceTree = "<group>";
		};
		18BE18D52017E59500E6BCA8 /* Model */ = {
			isa = PBXGroup;
			children = (
				18E8F436200FF60800325427 /* StudentData.swift */,
				184F10062018809600907F48 /* UdacityClient.swift */,
				184F100820188BB800907F48 /* ParseClient.swift */,
				18277DAC20189D12006CF626 /* StudentInformation.swift */,
			);
			path = Model;
			sourceTree = "<group>";
		};
		18BE18D62017E59F00E6BCA8 /* View */ = {
			isa = PBXGroup;
			children = (
			);
			path = View;
			sourceTree = "<group>";
		};
		18BE18D72017E5A900E6BCA8 /* Controller */ = {
			isa = PBXGroup;
			children = (
				1835AD11200E0669002C2324 /* LoginViewController.swift */,
				18245703200E9FA000C5DAD8 /* MapViewController.swift */,
				18E8F434200FF5E000325427 /* PostsTableViewController.swift */,
				1851ABDD20164E4700DB45B0 /* AddPostViewController.swift */,
			);
			path = Controller;
			sourceTree = "<group>";
		};
/* End PBXGroup section */

/* Begin PBXNativeTarget section */
		1835AD0B200E0669002C2324 /* OnTheMap */ = {
			isa = PBXNativeTarget;
			buildConfigurationList = 1835AD1E200E0669002C2324 /* Build configuration list for PBXNativeTarget "OnTheMap" */;
			buildPhases = (
				1835AD08200E0669002C2324 /* Sources */,
				1835AD09200E0669002C2324 /* Frameworks */,
				1835AD0A200E0669002C2324 /* Resources */,
			);
			buildRules = (
			);
			dependencies = (
			);
			name = OnTheMap;
			productName = OnTheMap;
			productReference = 1835AD0C200E0669002C2324 /* OnTheMap.app */;
			productType = "com.apple.product-type.application";
		};
/* End PBXNativeTarget section */

/* Begin PBXProject section */
		1835AD04200E0669002C2324 /* Project object */ = {
			isa = PBXProject;
			attributes = {
				LastSwiftUpdateCheck = 0920;
				LastUpgradeCheck = 0920;
				ORGANIZATIONNAME = "Neel Nishant";
				TargetAttributes = {
					1835AD0B200E0669002C2324 = {
						CreatedOnToolsVersion = 9.2;
						ProvisioningStyle = Automatic;
					};
				};
			};
			buildConfigurationList = 1835AD07200E0669002C2324 /* Build configuration list for PBXProject "OnTheMap" */;
			compatibilityVersion = "Xcode 8.0";
			developmentRegion = en;
			hasScannedForEncodings = 0;
			knownRegions = (
				en,
				Base,
			);
			mainGroup = 1835AD03200E0669002C2324;
			productRefGroup = 1835AD0D200E0669002C2324 /* Products */;
			projectDirPath = "";
			projectRoot = "";
			targets = (
				1835AD0B200E0669002C2324 /* OnTheMap */,
			);
		};
/* End PBXProject section */

/* Begin PBXResourcesBuildPhase section */
		1835AD0A200E0669002C2324 /* Resources */ = {
			isa = PBXResourcesBuildPhase;
			buildActionMask = 2147483647;
			files = (
				1835AD1A200E0669002C2324 /* LaunchScreen.storyboard in Resources */,
				1835AD17200E0669002C2324 /* Assets.xcassets in Resources */,
				1835AD15200E0669002C2324 /* Main.storyboard in Resources */,
			);
			runOnlyForDeploymentPostprocessing = 0;
		};
/* End PBXResourcesBuildPhase section */

/* Begin PBXSourcesBuildPhase section */
		1835AD08200E0669002C2324 /* Sources */ = {
			isa = PBXSourcesBuildPhase;
			buildActionMask = 2147483647;
			files = (
				184F10072018809600907F48 /* UdacityClient.swift in Sources */,
				18245702200E88FA00C5DAD8 /* GCDBlackBox.swift in Sources */,
				18E8F435200FF5E000325427 /* PostsTableViewController.swift in Sources */,
				18E8F437200FF60800325427 /* StudentData.swift in Sources */,
				1835AD12200E0669002C2324 /* LoginViewController.swift in Sources */,
				1851ABDE20164E4700DB45B0 /* AddPostViewController.swift in Sources */,
				184F100920188BB800907F48 /* ParseClient.swift in Sources */,
				1835AD10200E0669002C2324 /* AppDelegate.swift in Sources */,
				18245704200E9FA000C5DAD8 /* MapViewController.swift in Sources */,
				1835AD22200E0F1D002C2324 /* Constants.swift in Sources */,
				18277DAD20189D12006CF626 /* StudentInformation.swift in Sources */,
			);
			runOnlyForDeploymentPostprocessing = 0;
		};
/* End PBXSourcesBuildPhase section */

/* Begin PBXVariantGroup section */
		1835AD13200E0669002C2324 /* Main.storyboard */ = {
			isa = PBXVariantGroup;
			children = (
				1835AD14200E0669002C2324 /* Base */,
			);
			name = Main.storyboard;
			sourceTree = "<group>";
		};
		1835AD18200E0669002C2324 /* LaunchScreen.storyboard */ = {
			isa = PBXVariantGroup;
			children = (
				1835AD19200E0669002C2324 /* Base */,
			);
			name = LaunchScreen.storyboard;
			sourceTree = "<group>";
		};
/* End PBXVariantGroup section */

/* Begin XCBuildConfiguration section */
		1835AD1C200E0669002C2324 /* Debug */ = {
			isa = XCBuildConfiguration;
			buildSettings = {
				ALWAYS_SEARCH_USER_PATHS = NO;
				CLANG_ANALYZER_NONNULL = YES;
				CLANG_ANALYZER_NUMBER_OBJECT_CONVERSION = YES_AGGRESSIVE;
				CLANG_CXX_LANGUAGE_STANDARD = "gnu++14";
				CLANG_CXX_LIBRARY = "libc++";
				CLANG_ENABLE_MODULES = YES;
				CLANG_ENABLE_OBJC_ARC = YES;
				CLANG_WARN_BLOCK_CAPTURE_AUTORELEASING = YES;
				CLANG_WARN_BOOL_CONVERSION = YES;
				CLANG_WARN_COMMA = YES;
				CLANG_WARN_CONSTANT_CONVERSION = YES;
				CLANG_WARN_DIRECT_OBJC_ISA_USAGE = YES_ERROR;
				CLANG_WARN_DOCUMENTATION_COMMENTS = YES;
				CLANG_WARN_EMPTY_BODY = YES;
				CLANG_WARN_ENUM_CONVERSION = YES;
				CLANG_WARN_INFINITE_RECURSION = YES;
				CLANG_WARN_INT_CONVERSION = YES;
				CLANG_WARN_NON_LITERAL_NULL_CONVERSION = YES;
				CLANG_WARN_OBJC_LITERAL_CONVERSION = YES;
				CLANG_WARN_OBJC_ROOT_CLASS = YES_ERROR;
				CLANG_WARN_RANGE_LOOP_ANALYSIS = YES;
				CLANG_WARN_STRICT_PROTOTYPES = YES;
				CLANG_WARN_SUSPICIOUS_MOVE = YES;
				CLANG_WARN_UNGUARDED_AVAILABILITY = YES_AGGRESSIVE;
				CLANG_WARN_UNREACHABLE_CODE = YES;
				CLANG_WARN__DUPLICATE_METHOD_MATCH = YES;
				CODE_SIGN_IDENTITY = "iPhone Developer";
				COPY_PHASE_STRIP = NO;
				DEBUG_INFORMATION_FORMAT = dwarf;
				ENABLE_STRICT_OBJC_MSGSEND = YES;
				ENABLE_TESTABILITY = YES;
				GCC_C_LANGUAGE_STANDARD = gnu11;
				GCC_DYNAMIC_NO_PIC = NO;
				GCC_NO_COMMON_BLOCKS = YES;
				GCC_OPTIMIZATION_LEVEL = 0;
				GCC_PREPROCESSOR_DEFINITIONS = (
					"DEBUG=1",
					"$(inherited)",
				);
				GCC_WARN_64_TO_32_BIT_CONVERSION = YES;
				GCC_WARN_ABOUT_RETURN_TYPE = YES_ERROR;
				GCC_WARN_UNDECLARED_SELECTOR = YES;
				GCC_WARN_UNINITIALIZED_AUTOS = YES_AGGRESSIVE;
				GCC_WARN_UNUSED_FUNCTION = YES;
				GCC_WARN_UNUSED_VARIABLE = YES;
				IPHONEOS_DEPLOYMENT_TARGET = 11.2;
				MTL_ENABLE_DEBUG_INFO = YES;
				ONLY_ACTIVE_ARCH = YES;
				SDKROOT = iphoneos;
				SWIFT_ACTIVE_COMPILATION_CONDITIONS = DEBUG;
				SWIFT_OPTIMIZATION_LEVEL = "-Onone";
			};
			name = Debug;
		};
		1835AD1D200E0669002C2324 /* Release */ = {
			isa = XCBuildConfiguration;
			buildSettings = {
				ALWAYS_SEARCH_USER_PATHS = NO;
				CLANG_ANALYZER_NONNULL = YES;
				CLANG_ANALYZER_NUMBER_OBJECT_CONVERSION = YES_AGGRESSIVE;
				CLANG_CXX_LANGUAGE_STANDARD = "gnu++14";
				CLANG_CXX_LIBRARY = "libc++";
				CLANG_ENABLE_MODULES = YES;
				CLANG_ENABLE_OBJC_ARC = YES;
				CLANG_WARN_BLOCK_CAPTURE_AUTORELEASING = YES;
				CLANG_WARN_BOOL_CONVERSION = YES;
				CLANG_WARN_COMMA = YES;
				CLANG_WARN_CONSTANT_CONVERSION = YES;
				CLANG_WARN_DIRECT_OBJC_ISA_USAGE = YES_ERROR;
				CLANG_WARN_DOCUMENTATION_COMMENTS = YES;
				CLANG_WARN_EMPTY_BODY = YES;
				CLANG_WARN_ENUM_CONVERSION = YES;
				CLANG_WARN_INFINITE_RECURSION = YES;
				CLANG_WARN_INT_CONVERSION = YES;
				CLANG_WARN_NON_LITERAL_NULL_CONVERSION = YES;
				CLANG_WARN_OBJC_LITERAL_CONVERSION = YES;
				CLANG_WARN_OBJC_ROOT_CLASS = YES_ERROR;
				CLANG_WARN_RANGE_LOOP_ANALYSIS = YES;
				CLANG_WARN_STRICT_PROTOTYPES = YES;
				CLANG_WARN_SUSPICIOUS_MOVE = YES;
				CLANG_WARN_UNGUARDED_AVAILABILITY = YES_AGGRESSIVE;
				CLANG_WARN_UNREACHABLE_CODE = YES;
				CLANG_WARN__DUPLICATE_METHOD_MATCH = YES;
				CODE_SIGN_IDENTITY = "iPhone Developer";
				COPY_PHASE_STRIP = NO;
				DEBUG_INFORMATION_FORMAT = "dwarf-with-dsym";
				ENABLE_NS_ASSERTIONS = NO;
				ENABLE_STRICT_OBJC_MSGSEND = YES;
				GCC_C_LANGUAGE_STANDARD = gnu11;
				GCC_NO_COMMON_BLOCKS = YES;
				GCC_WARN_64_TO_32_BIT_CONVERSION = YES;
				GCC_WARN_ABOUT_RETURN_TYPE = YES_ERROR;
				GCC_WARN_UNDECLARED_SELECTOR = YES;
				GCC_WARN_UNINITIALIZED_AUTOS = YES_AGGRESSIVE;
				GCC_WARN_UNUSED_FUNCTION = YES;
				GCC_WARN_UNUSED_VARIABLE = YES;
				IPHONEOS_DEPLOYMENT_TARGET = 11.2;
				MTL_ENABLE_DEBUG_INFO = NO;
				SDKROOT = iphoneos;
				SWIFT_OPTIMIZATION_LEVEL = "-Owholemodule";
				VALIDATE_PRODUCT = YES;
			};
			name = Release;
		};
		1835AD1F200E0669002C2324 /* Debug */ = {
			isa = XCBuildConfiguration;
			buildSettings = {
				ASSETCATALOG_COMPILER_APPICON_NAME = AppIcon;
				CODE_SIGN_STYLE = Automatic;
				DEVELOPMENT_TEAM = UFUFJ7EP8L;
				INFOPLIST_FILE = OnTheMap/Info.plist;
				LD_RUNPATH_SEARCH_PATHS = "$(inherited) @executable_path/Frameworks";
				PRODUCT_BUNDLE_IDENTIFIER = com.neel.OnTheMap;
				PRODUCT_NAME = "$(TARGET_NAME)";
				SWIFT_VERSION = 4.0;
				TARGETED_DEVICE_FAMILY = "1,2";
			};
			name = Debug;
		};
		1835AD20200E0669002C2324 /* Release */ = {
			isa = XCBuildConfiguration;
			buildSettings = {
				ASSETCATALOG_COMPILER_APPICON_NAME = AppIcon;
				CODE_SIGN_STYLE = Automatic;
				DEVELOPMENT_TEAM = UFUFJ7EP8L;
				INFOPLIST_FILE = OnTheMap/Info.plist;
				LD_RUNPATH_SEARCH_PATHS = "$(inherited) @executable_path/Frameworks";
				PRODUCT_BUNDLE_IDENTIFIER = com.neel.OnTheMap;
				PRODUCT_NAME = "$(TARGET_NAME)";
				SWIFT_VERSION = 4.0;
				TARGETED_DEVICE_FAMILY = "1,2";
			};
			name = Release;
		};
/* End XCBuildConfiguration section */

/* Begin XCConfigurationList section */
		1835AD07200E0669002C2324 /* Build configuration list for PBXProject "OnTheMap" */ = {
			isa = XCConfigurationList;
			buildConfigurations = (
				1835AD1C200E0669002C2324 /* Debug */,
				1835AD1D200E0669002C2324 /* Release */,
			);
			defaultConfigurationIsVisible = 0;
			defaultConfigurationName = Release;
		};
		1835AD1E200E0669002C2324 /* Build configuration list for PBXNativeTarget "OnTheMap" */ = {
			isa = XCConfigurationList;
			buildConfigurations = (
				1835AD1F200E0669002C2324 /* Debug */,
				1835AD20200E0669002C2324 /* Release */,
			);
			defaultConfigurationIsVisible = 0;
			defaultConfigurationName = Release;
		};
/* End XCConfigurationList section */
	};
	rootObject = 1835AD04200E0669002C2324 /* Project object */;
}
